
Microsoft Visual Studio Solution File, Format Version 12.00
# Visual Studio 15
Project("{FAE04EC0-301F-11D3-BF4B-00C04F79EFBC}") = "Unity.Timeline", "Unity.Timeline.csproj", "{90083B79-954F-EFF2-D31C-B94BEC2A07A2}"
EndProject
Project("{FAE04EC0-301F-11D3-BF4B-00C04F79EFBC}") = "Unity.Timeline.Editor", "Unity.Timeline.Editor.csproj", "{70FFDF99-F178-B448-1A13-6CC0A7C73D32}"
EndProject
Project("{FAE04EC0-301F-11D3-BF4B-00C04F79EFBC}") = "Unity.TextMeshPro.Editor", "Unity.TextMeshPro.Editor.csproj", "{D79443CE-D26A-F4D3-FD10-B5BBFC29F64D}"
EndProject
Project("{FAE04EC0-301F-11D3-BF4B-00C04F79EFBC}") = "Unity.VisualScripting.Flow", "Unity.VisualScripting.Flow.csproj", "{8AA1E62E-156D-C211-10BC-FD29401EED46}"
EndProject
Project("{FAE04EC0-301F-11D3-BF4B-00C04F79EFBC}") = "UnityEditor.UI", "UnityEditor.UI.csproj", "{763990DE-9A27-22B2-AA1C-86422C564E13}"
EndProject
Project("{FAE04EC0-301F-11D3-BF4B-00C04F79EFBC}") = "Unity.PlasticSCM.Editor", "Unity.PlasticSCM.Editor.csproj", "{B39A2A2C-0770-A303-B349-37193CA02FD2}"
EndProject
Project("{FAE04EC0-301F-11D3-BF4B-00C04F79EFBC}") = "Unity.VisualScripting.Core", "Unity.VisualScripting.Core.csproj", "{1949067E-0139-544F-7BFD-DFD132B3C56B}"
EndProject
Project("{FAE04EC0-301F-11D3-BF4B-00C04F79EFBC}") = "Unity.VisualScripting.Core.Editor", "Unity.VisualScripting.Core.Editor.csproj", "{DA5E03E0-DB43-4BC2-FAEA-F5741AE3CE0B}"
EndProject
Project("{FAE04EC0-301F-11D3-BF4B-00C04F79EFBC}") = "Unity.VisualScripting.Flow.Editor", "Unity.VisualScripting.Flow.Editor.csproj", "{15334FCB-F72E-AF64-2DFD-0A792FE8BCD7}"
EndProject
Project("{FAE04EC0-301F-11D3-BF4B-00C04F79EFBC}") = "UnityEditor.TestRunner", "UnityEditor.TestRunner.csproj", "{852B4CFF-F6FF-314E-E7FC-68AD159CACD6}"
EndProject
Project("{FAE04EC0-301F-11D3-BF4B-00C04F79EFBC}") = "Unity.VisualScripting.SettingsProvider.Editor", "Unity.VisualScripting.SettingsProvider.Editor.csproj", "{32732030-658C-4E59-6718-1982FEA2188E}"
EndProject
Project("{FAE04EC0-301F-11D3-BF4B-00C04F79EFBC}") = "UnityEngine.TestRunner", "UnityEngine.TestRunner.csproj", "{883ED8D4-2DE2-6703-7A64-D7A24AB4C99F}"
EndProject
Project("{FAE04EC0-301F-11D3-BF4B-00C04F79EFBC}") = "UnityEngine.UI", "UnityEngine.UI.csproj", "{AD6C74DA-3E93-70D6-1EA0-23D6F884C4D5}"
EndProject
Project("{FAE04EC0-301F-11D3-BF4B-00C04F79EFBC}") = "Unity.VisualStudio.Editor", "Unity.VisualStudio.Editor.csproj", "{EC62FB6F-79BA-63BA-98B5-10F67ED0FE90}"
EndProject
Project("{FAE04EC0-301F-11D3-BF4B-00C04F79EFBC}") = "Unity.TestTools.CodeCoverage.Editor.OpenCover.Model", "Unity.TestTools.CodeCoverage.Editor.OpenCover.Model.csproj", "{0256BABF-F188-FCFD-5978-BF0FDC88F72F}"
EndProject
Project("{FAE04EC0-301F-11D3-BF4B-00C04F79EFBC}") = "Unity.Rider.Editor", "Unity.Rider.Editor.csproj", "{A341C25B-A25F-8C19-C1B4-8098134170E1}"
EndProject
Project("{FAE04EC0-301F-11D3-BF4B-00C04F79EFBC}") = "Unity.VisualScripting.State.Editor", "Unity.VisualScripting.State.Editor.csproj", "{73CE9391-592B-B8AD-4FDD-98816AFC2FC2}"
EndProject
Project("{FAE04EC0-301F-11D3-BF4B-00C04F79EFBC}") = "Unity.TestTools.CodeCoverage.Editor", "Unity.TestTools.CodeCoverage.Editor.csproj", "{CB52893E-AB99-9A38-8F89-B08CA4E5897E}"
EndProject
Project("{FAE04EC0-301F-11D3-BF4B-00C04F79EFBC}") = "Unity.VisualScripting.State", "Unity.VisualScripting.State.csproj", "{5BCA5F88-6163-5CCD-9DD6-9F617F8E2296}"
EndProject
Project("{FAE04EC0-301F-11D3-BF4B-00C04F79EFBC}") = "Unity.TextMeshPro", "Unity.TextMeshPro.csproj", "{CF01EF43-9D33-EE26-4D53-FE75BB9377E6}"
EndProject
Project("{FAE04EC0-301F-11D3-BF4B-00C04F79EFBC}") = "Unity.Performance.Profile-Analyzer.Editor", "Unity.Performance.Profile-Analyzer.Editor.csproj", "{450A53F3-8E23-336B-D2AF-BFC7F58EB3BF}"
EndProject
Project("{FAE04EC0-301F-11D3-BF4B-00C04F79EFBC}") = "Unity.VSCode.Editor", "Unity.VSCode.Editor.csproj", "{B92C4D2B-BB1A-9252-8786-6B7B316AE7A8}"
EndProject
Project("{FAE04EC0-301F-11D3-BF4B-00C04F79EFBC}") = "Unity.TestTools.CodeCoverage.Editor.OpenCover.Mono.Reflection", "Unity.TestTools.CodeCoverage.Editor.OpenCover.Mono.Reflection.csproj", "{90A7CB91-D66E-591E-91DE-F46E6886613F}"
EndProject
Project("{FAE04EC0-301F-11D3-BF4B-00C04F79EFBC}") = "Unity.Settings.Editor", "Unity.Settings.Editor.csproj", "{5C75EF3D-B048-4A3E-33B9-8915ABD04D2A}"
EndProject
Project("{FAE04EC0-301F-11D3-BF4B-00C04F79EFBC}") = "Unity.EditorCoroutines.Editor", "Unity.EditorCoroutines.Editor.csproj", "{FBC43CAB-2EEC-38E9-AF65-8C3DF5E2F443}"
EndProject
Project("{FAE04EC0-301F-11D3-BF4B-00C04F79EFBC}") = "Assembly-CSharp", "Assembly-CSharp.csproj", "{25E8FF82-609E-D8FC-E91C-BB10A8393E50}"
EndProject
Project("{FAE04EC0-301F-11D3-BF4B-00C04F79EFBC}") = "Unity.VisualScripting.Shared.Editor", "Unity.VisualScripting.Shared.Editor.csproj", "{61AE6E5B-DA59-6E15-6729-E441BFD2DEE5}"
EndProject
Project("{FAE04EC0-301F-11D3-BF4B-00C04F79EFBC}") = "Unity.CollabProxy.Editor", "Unity.CollabProxy.Editor.csproj", "{554201A0-F289-61C7-14C7-89D47EDF1000}"
EndProject
Project("{FAE04EC0-301F-11D3-BF4B-00C04F79EFBC}") = "Unity.Timeline", "Unity.Timeline.Player.csproj", "{377591DD-D4A2-ED0F-F3D5-2DADF3C6D0FB}"
EndProject
Project("{FAE04EC0-301F-11D3-BF4B-00C04F79EFBC}") = "Unity.VisualScripting.Flow", "Unity.VisualScripting.Flow.Player.csproj", "{7B03712A-BAD4-83B9-241C-78750562F480}"
EndProject
Project("{FAE04EC0-301F-11D3-BF4B-00C04F79EFBC}") = "Unity.VisualScripting.Core", "Unity.VisualScripting.Core.Player.csproj", "{91758466-8F06-ACED-7BFE-0C981E438392}"
EndProject
Project("{FAE04EC0-301F-11D3-BF4B-00C04F79EFBC}") = "UnityEngine.TestRunner", "UnityEngine.TestRunner.Player.csproj", "{E7613ABA-2A7C-5598-8704-407A3D25A871}"
EndProject
Project("{FAE04EC0-301F-11D3-BF4B-00C04F79EFBC}") = "UnityEngine.UI", "UnityEngine.UI.Player.csproj", "{6E50BB8F-164C-D704-697B-786E215C87E4}"
EndProject
Project("{FAE04EC0-301F-11D3-BF4B-00C04F79EFBC}") = "Unity.VisualScripting.State", "Unity.VisualScripting.State.Player.csproj", "{26281B1C-2083-41D5-4122-9561F5B8DEC9}"
EndProject
Project("{FAE04EC0-301F-11D3-BF4B-00C04F79EFBC}") = "Unity.TextMeshPro", "Unity.TextMeshPro.Player.csproj", "{D8241D26-A353-4788-7F0C-557B619B6141}"
EndProject
Project("{FAE04EC0-301F-11D3-BF4B-00C04F79EFBC}") = "Assembly-CSharp", "Assembly-CSharp.Player.csproj", "{6A72F433-B1A2-06E8-EC24-250EF4271562}"
EndProject
Global
	GlobalSection(SolutionConfigurationPlatforms) = preSolution
		Debug|Any CPU = Debug|Any CPU
		Release|Any CPU = Release|Any CPU
	EndGlobalSection
	GlobalSection(ProjectConfigurationPlatforms) = postSolution
		{90083B79-954F-EFF2-D31C-B94BEC2A07A2}.Debug|Any CPU.ActiveCfg = Debug|Any CPU
		{90083B79-954F-EFF2-D31C-B94BEC2A07A2}.Debug|Any CPU.Build.0 = Debug|Any CPU
		{90083B79-954F-EFF2-D31C-B94BEC2A07A2}.Release|Any CPU.ActiveCfg = Release|Any CPU
		{90083B79-954F-EFF2-D31C-B94BEC2A07A2}.Release|Any CPU.Build.0 = Release|Any CPU
		{70FFDF99-F178-B448-1A13-6CC0A7C73D32}.Debug|Any CPU.ActiveCfg = Debug|Any CPU
		{70FFDF99-F178-B448-1A13-6CC0A7C73D32}.Debug|Any CPU.Build.0 = Debug|Any CPU
		{70FFDF99-F178-B448-1A13-6CC0A7C73D32}.Release|Any CPU.ActiveCfg = Release|Any CPU
		{70FFDF99-F178-B448-1A13-6CC0A7C73D32}.Release|Any CPU.Build.0 = Release|Any CPU
		{D79443CE-D26A-F4D3-FD10-B5BBFC29F64D}.Debug|Any CPU.ActiveCfg = Debug|Any CPU
		{D79443CE-D26A-F4D3-FD10-B5BBFC29F64D}.Debug|Any CPU.Build.0 = Debug|Any CPU
		{D79443CE-D26A-F4D3-FD10-B5BBFC29F64D}.Release|Any CPU.ActiveCfg = Release|Any CPU
		{D79443CE-D26A-F4D3-FD10-B5BBFC29F64D}.Release|Any CPU.Build.0 = Release|Any CPU
		{8AA1E62E-156D-C211-10BC-FD29401EED46}.Debug|Any CPU.ActiveCfg = Debug|Any CPU
		{8AA1E62E-156D-C211-10BC-FD29401EED46}.Debug|Any CPU.Build.0 = Debug|Any CPU
		{8AA1E62E-156D-C211-10BC-FD29401EED46}.Release|Any CPU.ActiveCfg = Release|Any CPU
		{8AA1E62E-156D-C211-10BC-FD29401EED46}.Release|Any CPU.Build.0 = Release|Any CPU
		{763990DE-9A27-22B2-AA1C-86422C564E13}.Debug|Any CPU.ActiveCfg = Debug|Any CPU
		{763990DE-9A27-22B2-AA1C-86422C564E13}.Debug|Any CPU.Build.0 = Debug|Any CPU
		{763990DE-9A27-22B2-AA1C-86422C564E13}.Release|Any CPU.ActiveCfg = Release|Any CPU
		{763990DE-9A27-22B2-AA1C-86422C564E13}.Release|Any CPU.Build.0 = Release|Any CPU
		{B39A2A2C-0770-A303-B349-37193CA02FD2}.Debug|Any CPU.ActiveCfg = Debug|Any CPU
		{B39A2A2C-0770-A303-B349-37193CA02FD2}.Debug|Any CPU.Build.0 = Debug|Any CPU
		{B39A2A2C-0770-A303-B349-37193CA02FD2}.Release|Any CPU.ActiveCfg = Release|Any CPU
		{B39A2A2C-0770-A303-B349-37193CA02FD2}.Release|Any CPU.Build.0 = Release|Any CPU
		{1949067E-0139-544F-7BFD-DFD132B3C56B}.Debug|Any CPU.ActiveCfg = Debug|Any CPU
		{1949067E-0139-544F-7BFD-DFD132B3C56B}.Debug|Any CPU.Build.0 = Debug|Any CPU
		{1949067E-0139-544F-7BFD-DFD132B3C56B}.Release|Any CPU.ActiveCfg = Release|Any CPU
		{1949067E-0139-544F-7BFD-DFD132B3C56B}.Release|Any CPU.Build.0 = Release|Any CPU
		{DA5E03E0-DB43-4BC2-FAEA-F5741AE3CE0B}.Debug|Any CPU.ActiveCfg = Debug|Any CPU
		{DA5E03E0-DB43-4BC2-FAEA-F5741AE3CE0B}.Debug|Any CPU.Build.0 = Debug|Any CPU
		{DA5E03E0-DB43-4BC2-FAEA-F5741AE3CE0B}.Release|Any CPU.ActiveCfg = Release|Any CPU
		{DA5E03E0-DB43-4BC2-FAEA-F5741AE3CE0B}.Release|Any CPU.Build.0 = Release|Any CPU
		{15334FCB-F72E-AF64-2DFD-0A792FE8BCD7}.Debug|Any CPU.ActiveCfg = Debug|Any CPU
		{15334FCB-F72E-AF64-2DFD-0A792FE8BCD7}.Debug|Any CPU.Build.0 = Debug|Any CPU
		{15334FCB-F72E-AF64-2DFD-0A792FE8BCD7}.Release|Any CPU.ActiveCfg = Release|Any CPU
		{15334FCB-F72E-AF64-2DFD-0A792FE8BCD7}.Release|Any CPU.Build.0 = Release|Any CPU
		{852B4CFF-F6FF-314E-E7FC-68AD159CACD6}.Debug|Any CPU.ActiveCfg = Debug|Any CPU
		{852B4CFF-F6FF-314E-E7FC-68AD159CACD6}.Debug|Any CPU.Build.0 = Debug|Any CPU
		{852B4CFF-F6FF-314E-E7FC-68AD159CACD6}.Release|Any CPU.ActiveCfg = Release|Any CPU
		{852B4CFF-F6FF-314E-E7FC-68AD159CACD6}.Release|Any CPU.Build.0 = Release|Any CPU
		{32732030-658C-4E59-6718-1982FEA2188E}.Debug|Any CPU.ActiveCfg = Debug|Any CPU
		{32732030-658C-4E59-6718-1982FEA2188E}.Debug|Any CPU.Build.0 = Debug|Any CPU
		{32732030-658C-4E59-6718-1982FEA2188E}.Release|Any CPU.ActiveCfg = Release|Any CPU
		{32732030-658C-4E59-6718-1982FEA2188E}.Release|Any CPU.Build.0 = Release|Any CPU
		{883ED8D4-2DE2-6703-7A64-D7A24AB4C99F}.Debug|Any CPU.ActiveCfg = Debug|Any CPU
		{883ED8D4-2DE2-6703-7A64-D7A24AB4C99F}.Debug|Any CPU.Build.0 = Debug|Any CPU
		{883ED8D4-2DE2-6703-7A64-D7A24AB4C99F}.Release|Any CPU.ActiveCfg = Release|Any CPU
		{883ED8D4-2DE2-6703-7A64-D7A24AB4C99F}.Release|Any CPU.Build.0 = Release|Any CPU
		{AD6C74DA-3E93-70D6-1EA0-23D6F884C4D5}.Debug|Any CPU.ActiveCfg = Debug|Any CPU
		{AD6C74DA-3E93-70D6-1EA0-23D6F884C4D5}.Debug|Any CPU.Build.0 = Debug|Any CPU
		{AD6C74DA-3E93-70D6-1EA0-23D6F884C4D5}.Release|Any CPU.ActiveCfg = Release|Any CPU
		{AD6C74DA-3E93-70D6-1EA0-23D6F884C4D5}.Release|Any CPU.Build.0 = Release|Any CPU
		{EC62FB6F-79BA-63BA-98B5-10F67ED0FE90}.Debug|Any CPU.ActiveCfg = Debug|Any CPU
		{EC62FB6F-79BA-63BA-98B5-10F67ED0FE90}.Debug|Any CPU.Build.0 = Debug|Any CPU
		{EC62FB6F-79BA-63BA-98B5-10F67ED0FE90}.Release|Any CPU.ActiveCfg = Release|Any CPU
		{EC62FB6F-79BA-63BA-98B5-10F67ED0FE90}.Release|Any CPU.Build.0 = Release|Any CPU
		{0256BABF-F188-FCFD-5978-BF0FDC88F72F}.Debug|Any CPU.ActiveCfg = Debug|Any CPU
		{0256BABF-F188-FCFD-5978-BF0FDC88F72F}.Debug|Any CPU.Build.0 = Debug|Any CPU
		{0256BABF-F188-FCFD-5978-BF0FDC88F72F}.Release|Any CPU.ActiveCfg = Release|Any CPU
		{0256BABF-F188-FCFD-5978-BF0FDC88F72F}.Release|Any CPU.Build.0 = Release|Any CPU
		{A341C25B-A25F-8C19-C1B4-8098134170E1}.Debug|Any CPU.ActiveCfg = Debug|Any CPU
		{A341C25B-A25F-8C19-C1B4-8098134170E1}.Debug|Any CPU.Build.0 = Debug|Any CPU
		{A341C25B-A25F-8C19-C1B4-8098134170E1}.Release|Any CPU.ActiveCfg = Release|Any CPU
		{A341C25B-A25F-8C19-C1B4-8098134170E1}.Release|Any CPU.Build.0 = Release|Any CPU
		{73CE9391-592B-B8AD-4FDD-98816AFC2FC2}.Debug|Any CPU.ActiveCfg = Debug|Any CPU
		{73CE9391-592B-B8AD-4FDD-98816AFC2FC2}.Debug|Any CPU.Build.0 = Debug|Any CPU
		{73CE9391-592B-B8AD-4FDD-98816AFC2FC2}.Release|Any CPU.ActiveCfg = Release|Any CPU
		{73CE9391-592B-B8AD-4FDD-98816AFC2FC2}.Release|Any CPU.Build.0 = Release|Any CPU
		{CB52893E-AB99-9A38-8F89-B08CA4E5897E}.Debug|Any CPU.ActiveCfg = Debug|Any CPU
		{CB52893E-AB99-9A38-8F89-B08CA4E5897E}.Debug|Any CPU.Build.0 = Debug|Any CPU
		{CB52893E-AB99-9A38-8F89-B08CA4E5897E}.Release|Any CPU.ActiveCfg = Release|Any CPU
		{CB52893E-AB99-9A38-8F89-B08CA4E5897E}.Release|Any CPU.Build.0 = Release|Any CPU
		{5BCA5F88-6163-5CCD-9DD6-9F617F8E2296}.Debug|Any CPU.ActiveCfg = Debug|Any CPU
		{5BCA5F88-6163-5CCD-9DD6-9F617F8E2296}.Debug|Any CPU.Build.0 = Debug|Any CPU
		{5BCA5F88-6163-5CCD-9DD6-9F617F8E2296}.Release|Any CPU.ActiveCfg = Release|Any CPU
		{5BCA5F88-6163-5CCD-9DD6-9F617F8E2296}.Release|Any CPU.Build.0 = Release|Any CPU
		{CF01EF43-9D33-EE26-4D53-FE75BB9377E6}.Debug|Any CPU.ActiveCfg = Debug|Any CPU
		{CF01EF43-9D33-EE26-4D53-FE75BB9377E6}.Debug|Any CPU.Build.0 = Debug|Any CPU
		{CF01EF43-9D33-EE26-4D53-FE75BB9377E6}.Release|Any CPU.ActiveCfg = Release|Any CPU
		{CF01EF43-9D33-EE26-4D53-FE75BB9377E6}.Release|Any CPU.Build.0 = Release|Any CPU
		{450A53F3-8E23-336B-D2AF-BFC7F58EB3BF}.Debug|Any CPU.ActiveCfg = Debug|Any CPU
		{450A53F3-8E23-336B-D2AF-BFC7F58EB3BF}.Debug|Any CPU.Build.0 = Debug|Any CPU
		{450A53F3-8E23-336B-D2AF-BFC7F58EB3BF}.Release|Any CPU.ActiveCfg = Release|Any CPU
		{450A53F3-8E23-336B-D2AF-BFC7F58EB3BF}.Release|Any CPU.Build.0 = Release|Any CPU
		{B92C4D2B-BB1A-9252-8786-6B7B316AE7A8}.Debug|Any CPU.ActiveCfg = Debug|Any CPU
		{B92C4D2B-BB1A-9252-8786-6B7B316AE7A8}.Debug|Any CPU.Build.0 = Debug|Any CPU
		{B92C4D2B-BB1A-9252-8786-6B7B316AE7A8}.Release|Any CPU.ActiveCfg = Release|Any CPU
		{B92C4D2B-BB1A-9252-8786-6B7B316AE7A8}.Release|Any CPU.Build.0 = Release|Any CPU
		{90A7CB91-D66E-591E-91DE-F46E6886613F}.Debug|Any CPU.ActiveCfg = Debug|Any CPU
		{90A7CB91-D66E-591E-91DE-F46E6886613F}.Debug|Any CPU.Build.0 = Debug|Any CPU
		{90A7CB91-D66E-591E-91DE-F46E6886613F}.Release|Any CPU.ActiveCfg = Release|Any CPU
		{90A7CB91-D66E-591E-91DE-F46E6886613F}.Release|Any CPU.Build.0 = Release|Any CPU
		{5C75EF3D-B048-4A3E-33B9-8915ABD04D2A}.Debug|Any CPU.ActiveCfg = Debug|Any CPU
		{5C75EF3D-B048-4A3E-33B9-8915ABD04D2A}.Debug|Any CPU.Build.0 = Debug|Any CPU
		{5C75EF3D-B048-4A3E-33B9-8915ABD04D2A}.Release|Any CPU.ActiveCfg = Release|Any CPU
		{5C75EF3D-B048-4A3E-33B9-8915ABD04D2A}.Release|Any CPU.Build.0 = Release|Any CPU
		{FBC43CAB-2EEC-38E9-AF65-8C3DF5E2F443}.Debug|Any CPU.ActiveCfg = Debug|Any CPU
		{FBC43CAB-2EEC-38E9-AF65-8C3DF5E2F443}.Debug|Any CPU.Build.0 = Debug|Any CPU
		{FBC43CAB-2EEC-38E9-AF65-8C3DF5E2F443}.Release|Any CPU.ActiveCfg = Release|Any CPU
		{FBC43CAB-2EEC-38E9-AF65-8C3DF5E2F443}.Release|Any CPU.Build.0 = Release|Any CPU
		{25E8FF82-609E-D8FC-E91C-BB10A8393E50}.Debug|Any CPU.ActiveCfg = Debug|Any CPU
		{25E8FF82-609E-D8FC-E91C-BB10A8393E50}.Debug|Any CPU.Build.0 = Debug|Any CPU
		{25E8FF82-609E-D8FC-E91C-BB10A8393E50}.Release|Any CPU.ActiveCfg = Release|Any CPU
		{25E8FF82-609E-D8FC-E91C-BB10A8393E50}.Release|Any CPU.Build.0 = Release|Any CPU
		{61AE6E5B-DA59-6E15-6729-E441BFD2DEE5}.Debug|Any CPU.ActiveCfg = Debug|Any CPU
		{61AE6E5B-DA59-6E15-6729-E441BFD2DEE5}.Debug|Any CPU.Build.0 = Debug|Any CPU
		{61AE6E5B-DA59-6E15-6729-E441BFD2DEE5}.Release|Any CPU.ActiveCfg = Release|Any CPU
		{61AE6E5B-DA59-6E15-6729-E441BFD2DEE5}.Release|Any CPU.Build.0 = Release|Any CPU
		{554201A0-F289-61C7-14C7-89D47EDF1000}.Debug|Any CPU.ActiveCfg = Debug|Any CPU
		{554201A0-F289-61C7-14C7-89D47EDF1000}.Debug|Any CPU.Build.0 = Debug|Any CPU
		{554201A0-F289-61C7-14C7-89D47EDF1000}.Release|Any CPU.ActiveCfg = Release|Any CPU
		{554201A0-F289-61C7-14C7-89D47EDF1000}.Release|Any CPU.Build.0 = Release|Any CPU
		{377591DD-D4A2-ED0F-F3D5-2DADF3C6D0FB}.Debug|Any CPU.ActiveCfg = Debug|Any CPU
		{377591DD-D4A2-ED0F-F3D5-2DADF3C6D0FB}.Debug|Any CPU.Build.0 = Debug|Any CPU
		{377591DD-D4A2-ED0F-F3D5-2DADF3C6D0FB}.Release|Any CPU.ActiveCfg = Release|Any CPU
		{377591DD-D4A2-ED0F-F3D5-2DADF3C6D0FB}.Release|Any CPU.Build.0 = Release|Any CPU
		{7B03712A-BAD4-83B9-241C-78750562F480}.Debug|Any CPU.ActiveCfg = Debug|Any CPU
		{7B03712A-BAD4-83B9-241C-78750562F480}.Debug|Any CPU.Build.0 = Debug|Any CPU
		{7B03712A-BAD4-83B9-241C-78750562F480}.Release|Any CPU.ActiveCfg = Release|Any CPU
		{7B03712A-BAD4-83B9-241C-78750562F480}.Release|Any CPU.Build.0 = Release|Any CPU
		{91758466-8F06-ACED-7BFE-0C981E438392}.Debug|Any CPU.ActiveCfg = Debug|Any CPU
		{91758466-8F06-ACED-7BFE-0C981E438392}.Debug|Any CPU.Build.0 = Debug|Any CPU
		{91758466-8F06-ACED-7BFE-0C981E438392}.Release|Any CPU.ActiveCfg = Release|Any CPU
		{91758466-8F06-ACED-7BFE-0C981E438392}.Release|Any CPU.Build.0 = Release|Any CPU
		{E7613ABA-2A7C-5598-8704-407A3D25A871}.Debug|Any CPU.ActiveCfg = Debug|Any CPU
		{E7613ABA-2A7C-5598-8704-407A3D25A871}.Debug|Any CPU.Build.0 = Debug|Any CPU
		{E7613ABA-2A7C-5598-8704-407A3D25A871}.Release|Any CPU.ActiveCfg = Release|Any CPU
		{E7613ABA-2A7C-5598-8704-407A3D25A871}.Release|Any CPU.Build.0 = Release|Any CPU
		{6E50BB8F-164C-D704-697B-786E215C87E4}.Debug|Any CPU.ActiveCfg = Debug|Any CPU
		{6E50BB8F-164C-D704-697B-786E215C87E4}.Debug|Any CPU.Build.0 = Debug|Any CPU
		{6E50BB8F-164C-D704-697B-786E215C87E4}.Release|Any CPU.ActiveCfg = Release|Any CPU
		{6E50BB8F-164C-D704-697B-786E215C87E4}.Release|Any CPU.Build.0 = Release|Any CPU
		{26281B1C-2083-41D5-4122-9561F5B8DEC9}.Debug|Any CPU.ActiveCfg = Debug|Any CPU
		{26281B1C-2083-41D5-4122-9561F5B8DEC9}.Debug|Any CPU.Build.0 = Debug|Any CPU
		{26281B1C-2083-41D5-4122-9561F5B8DEC9}.Release|Any CPU.ActiveCfg = Release|Any CPU
		{26281B1C-2083-41D5-4122-9561F5B8DEC9}.Release|Any CPU.Build.0 = Release|Any CPU
		{D8241D26-A353-4788-7F0C-557B619B6141}.Debug|Any CPU.ActiveCfg = Debug|Any CPU
		{D8241D26-A353-4788-7F0C-557B619B6141}.Debug|Any CPU.Build.0 = Debug|Any CPU
		{D8241D26-A353-4788-7F0C-557B619B6141}.Release|Any CPU.ActiveCfg = Release|Any CPU
		{D8241D26-A353-4788-7F0C-557B619B6141}.Release|Any CPU.Build.0 = Release|Any CPU
		{6A72F433-B1A2-06E8-EC24-250EF4271562}.Debug|Any CPU.ActiveCfg = Debug|Any CPU
		{6A72F433-B1A2-06E8-EC24-250EF4271562}.Debug|Any CPU.Build.0 = Debug|Any CPU
		{6A72F433-B1A2-06E8-EC24-250EF4271562}.Release|Any CPU.ActiveCfg = Release|Any CPU
		{6A72F433-B1A2-06E8-EC24-250EF4271562}.Release|Any CPU.Build.0 = Release|Any CPU
	EndGlobalSection
	GlobalSection(SolutionProperties) = preSolution
		HideSolutionNode = FALSE
	EndGlobalSection
EndGlobal
